
Microsoft Visual Studio Solution File, Format Version 12.00
# Visual Studio Version 16
VisualStudioVersion = 16.0.31005.135
MinimumVisualStudioVersion = 10.0.40219.1
Project("{FAE04EC0-301F-11D3-BF4B-00C04F79EFBC}") = "UltrawideHelper", "UltrawideHelper\UltrawideHelper.csproj", "{D5D0C232-F356-42C3-98A5-48472630D37A}"
EndProject
Global
	GlobalSection(SolutionConfigurationPlatforms) = preSolution
		Debug|Any CPU = Debug|Any CPU
		Release|Any CPU = Release|Any CPU
	EndGlobalSection
	GlobalSection(ProjectConfigurationPlatforms) = postSolution
		{D5D0C232-F356-42C3-98A5-48472630D37A}.Debug|Any CPU.ActiveCfg = Debug|Any CPU
		{D5D0C232-F356-42C3-98A5-48472630D37A}.Debug|Any CPU.Build.0 = Debug|Any CPU
		{D5D0C232-F356-42C3-98A5-48472630D37A}.Release|Any CPU.ActiveCfg = Release|Any CPU
		{D5D0C232-F356-42C3-98A5-48472630D37A}.Release|Any CPU.Build.0 = Release|Any CPU
	EndGlobalSection
	GlobalSection(SolutionProperties) = preSolution
		HideSolutionNode = FALSE
	EndGlobalSection
	GlobalSection(ExtensibilityGlobals) = postSolution
		SolutionGuid = {FA8C92AB-2384-4E08-8AAA-4058109B4674}
	EndGlobalSection
EndGlobal
